{
  "name": "novacene-project",
  "version": "1.0.0",
  "lockfileVersion": 1,
  "requires": true,
  "dependencies": {
    "autoprefixer": {
      "version": "10.3.7",
      "resolved": "https://registry.npmjs.org/autoprefixer/-/autoprefixer-10.3.7.tgz",
      "integrity": "sha512-EmGpu0nnQVmMhX8ROoJ7Mx8mKYPlcUHuxkwrRYEYMz85lu7H09v8w6R1P0JPdn/hKU32GjpLBFEOuIlDWCRWvg==",
      "dev": true,
      "requires": {
        "browserslist": "^4.17.3",
        "caniuse-lite": "^1.0.30001264",
        "fraction.js": "^4.1.1",
        "normalize-range": "^0.1.2",
        "picocolors": "^0.2.1",
        "postcss-value-parser": "^4.1.0"
      }
    },
    "browserslist": {
      "version": "4.17.3",
      "resolved": "https://registry.npmjs.org/browserslist/-/browserslist-4.17.3.tgz",
      "integrity": "sha512-59IqHJV5VGdcJZ+GZ2hU5n4Kv3YiASzW6Xk5g9tf5a/MAzGeFwgGWU39fVzNIOVcgB3+Gp+kiQu0HEfTVU/3VQ==",
      "dev": true,
      "requires": {
        "caniuse-lite": "^1.0.30001264",
        "electron-to-chromium": "^1.3.857",
        "escalade": "^3.1.1",
        "node-releases": "^1.1.77",
        "picocolors": "^0.2.1"
      }
    },
    "caniuse-lite": {
      "version": "1.0.30001264",
      "resolved": "https://registry.npmjs.org/caniuse-lite/-/caniuse-lite-1.0.30001264.tgz",
      "integrity": "sha512-Ftfqqfcs/ePiUmyaySsQ4PUsdcYyXG2rfoBVsk3iY1ahHaJEw65vfb7Suzqm+cEkwwPIv/XWkg27iCpRavH4zA==",
      "dev": true
    },
    "daisyui": {
      "version": "1.14.2",
      "resolved": "https://registry.npmjs.org/daisyui/-/daisyui-1.14.2.tgz",
      "integrity": "sha512-ER4k58JMUYF4EUDg3GgpaWPdvq6FYnMfetV2JXOEWAPNQVWs4jHtdhehFUdg7M1Lae9GGobb0roW3LuEmD/PuA=="
    },
    "electron-to-chromium": {
      "version": "1.3.859",
      "resolved": "https://registry.npmjs.org/electron-to-chromium/-/electron-to-chromium-1.3.859.tgz",
      "integrity": "sha512-gXRXKNWedfdiKIzwr0Mg/VGCvxXzy+4SuK9hp1BDvfbCwx0O5Ot+2f4CoqQkqEJ3Zj/eAV/GoAFgBVFgkBLXuQ==",
      "dev": true
    },
    "escalade": {
      "version": "3.1.1",
      "resolved": "https://registry.npmjs.org/escalade/-/escalade-3.1.1.tgz",
      "integrity": "sha512-k0er2gUkLf8O0zKJiAhmkTnJlTvINGv7ygDNPbeIsX/TJjGJZHuh9B2UxbsaEkmlEo9MfhrSzmhIlhRlI2GXnw==",
      "dev": true
    },
    "fraction.js": {
      "version": "4.1.1",
      "resolved": "https://registry.npmjs.org/fraction.js/-/fraction.js-4.1.1.tgz",
      "integrity": "sha512-MHOhvvxHTfRFpF1geTK9czMIZ6xclsEor2wkIGYYq+PxcQqT7vStJqjhe6S1TenZrMZzo+wlqOufBDVepUEgPg==",
      "dev": true
    },
    "nanoid": {
      "version": "3.1.28",
      "resolved": "https://registry.npmjs.org/nanoid/-/nanoid-3.1.28.tgz",
      "integrity": "sha512-gSu9VZ2HtmoKYe/lmyPFES5nknFrHa+/DT9muUFWFMi6Jh9E1I7bkvlQ8xxf1Kos9pi9o8lBnIOkatMhKX/YUw==",
      "dev": true
    },
    "node-releases": {
      "version": "1.1.77",
      "resolved": "https://registry.npmjs.org/node-releases/-/node-releases-1.1.77.tgz",
      "integrity": "sha512-rB1DUFUNAN4Gn9keO2K1efO35IDK7yKHCdCaIMvFO7yUYmmZYeDjnGKle26G4rwj+LKRQpjyUUvMkPglwGCYNQ==",
      "dev": true
    },
    "normalize-range": {
      "version": "0.1.2",
      "resolved": "https://registry.npmjs.org/normalize-range/-/normalize-range-0.1.2.tgz",
      "integrity": "sha1-LRDAa9/TEuqXd2laTShDlFa3WUI=",
      "dev": true
    },
    "picocolors": {
      "version": "0.2.1",
      "resolved": "https://registry.npmjs.org/picocolors/-/picocolors-0.2.1.tgz",
      "integrity": "sha512-cMlDqaLEqfSaW8Z7N5Jw+lyIW869EzT73/F5lhtY9cLGoVxSXznfgfXMO0Z5K0o0Q2TkTXq+0KFsdnSe3jDViA==",
      "dev": true
    },
    "postcss": {
      "version": "8.3.9",
      "resolved": "https://registry.npmjs.org/postcss/-/postcss-8.3.9.tgz",
      "integrity": "sha512-f/ZFyAKh9Dnqytx5X62jgjhhzttjZS7hMsohcI7HEI5tjELX/HxCy3EFhsRxyzGvrzFF+82XPvCS8T9TFleVJw==",
      "dev": true,
      "requires": {
        "nanoid": "^3.1.28",
        "picocolors": "^0.2.1",
        "source-map-js": "^0.6.2"
      }
    },
    "postcss-value-parser": {
      "version": "4.1.0",
      "resolved": "https://registry.npmjs.org/postcss-value-parser/-/postcss-value-parser-4.1.0.tgz",
      "integrity": "sha512-97DXOFbQJhk71ne5/Mt6cOu6yxsSfM0QGQyl0L25Gca4yGWEGJaig7l7gbCX623VqTBNGLRLaVUCnNkcedlRSQ==",
      "dev": true
    },
    "source-map-js": {
      "version": "0.6.2",
      "resolved": "https://registry.npmjs.org/source-map-js/-/source-map-js-0.6.2.tgz",
      "integrity": "sha512-/3GptzWzu0+0MBQFrDKzw/DvvMTUORvgY6k6jd/VS6iCR4RDTKWH6v6WPwQoUO8667uQEf9Oe38DxAYWY5F/Ug==",
      "dev": true
    }
  }
}
